
Microsoft Visual Studio Solution File, Format Version 12.00
# Visual Studio Version 17
VisualStudioVersion = 17.9.34607.119
MinimumVisualStudioVersion = 10.0.40219.1
Project("{888888A0-9F3D-457C-B088-3A5042F75D52}") = "Triangulation", "Triangulation\Triangulation.pyproj", "{C836D582-5AD8-4BDD-BFF8-28659DD30ADF}"
EndProject
Global
	GlobalSection(SolutionConfigurationPlatforms) = preSolution
		Debug|Any CPU = Debug|Any CPU
		Release|Any CPU = Release|Any CPU
	EndGlobalSection
	GlobalSection(ProjectConfigurationPlatforms) = postSolution
		{C836D582-5AD8-4BDD-BFF8-28659DD30ADF}.Debug|Any CPU.ActiveCfg = Debug|Any CPU
		{C836D582-5AD8-4BDD-BFF8-28659DD30ADF}.Release|Any CPU.ActiveCfg = Release|Any CPU
	EndGlobalSection
	GlobalSection(SolutionProperties) = preSolution
		HideSolutionNode = FALSE
	EndGlobalSection
	GlobalSection(ExtensibilityGlobals) = postSolution
		SolutionGuid = {8BDCE477-79F0-45AC-8240-2408B718F632}
	EndGlobalSection
EndGlobal
